
Microsoft Visual Studio Solution File, Format Version 12.00
# Visual Studio Version 17
VisualStudioVersion = 17.11.35303.130
MinimumVisualStudioVersion = 10.0.40219.1
Project("{9A19103F-16F7-4668-BE54-9A1E7A4F7556}") = "Week1", "Week1\Week1.csproj", "{AF5E5EEB-9B96-4EFD-ADE4-A18C6A5B0B84}"
EndProject
Project("{FAE04EC0-301F-11D3-BF4B-00C04F79EFBC}") = "Bai tap 4", "Bai tap 4\Bai tap 4.csproj", "{9B822465-33A5-41A7-AA67-4116A7A3FB53}"
EndProject
Global
	GlobalSection(SolutionConfigurationPlatforms) = preSolution
		Debug|Any CPU = Debug|Any CPU
		Release|Any CPU = Release|Any CPU
	EndGlobalSection
	GlobalSection(ProjectConfigurationPlatforms) = postSolution
		{AF5E5EEB-9B96-4EFD-ADE4-A18C6A5B0B84}.Debug|Any CPU.ActiveCfg = Debug|Any CPU
		{AF5E5EEB-9B96-4EFD-ADE4-A18C6A5B0B84}.Debug|Any CPU.Build.0 = Debug|Any CPU
		{AF5E5EEB-9B96-4EFD-ADE4-A18C6A5B0B84}.Release|Any CPU.ActiveCfg = Release|Any CPU
		{AF5E5EEB-9B96-4EFD-ADE4-A18C6A5B0B84}.Release|Any CPU.Build.0 = Release|Any CPU
		{9B822465-33A5-41A7-AA67-4116A7A3FB53}.Debug|Any CPU.ActiveCfg = Debug|Any CPU
		{9B822465-33A5-41A7-AA67-4116A7A3FB53}.Debug|Any CPU.Build.0 = Debug|Any CPU
		{9B822465-33A5-41A7-AA67-4116A7A3FB53}.Release|Any CPU.ActiveCfg = Release|Any CPU
		{9B822465-33A5-41A7-AA67-4116A7A3FB53}.Release|Any CPU.Build.0 = Release|Any CPU
	EndGlobalSection
	GlobalSection(SolutionProperties) = preSolution
		HideSolutionNode = FALSE
	EndGlobalSection
	GlobalSection(ExtensibilityGlobals) = postSolution
		SolutionGuid = {98AA5AB3-A966-483B-ACD6-2F6B63114336}
	EndGlobalSection
EndGlobal
